dependencies:
- name: base
  repository: https://istio-release.storage.googleapis.com/charts
  version: 1.17.2
- name: istiod
  repository: https://istio-release.storage.googleapis.com/charts
  version: 1.18.0
digest: sha256:5fc14bec476775b5d0163a372d273d8c086dff99dabc518c2fc60bfbd93f9676
generated: "2023-06-08T00:11:30.376007363Z"
