dependencies:
- name: base
  repository: https://istio-release.storage.googleapis.com/charts
  version: 1.18.0
- name: istiod
  repository: https://istio-release.storage.googleapis.com/charts
  version: 1.17.2
digest: sha256:5d22b1d61c7b9a7444d9d967a081320a40973d7888836d0fbfec046aa139863e
generated: "2023-06-08T00:11:07.058370615Z"
